
Microsoft Visual Studio Solution File, Format Version 11.00
# Visual Studio 2010
Project("{FAE04EC0-301F-11D3-BF4B-00C04F79EFBC}") = "UnityEngine.UI", "UnityEngine.UI.csproj", "{d3074d38-aa3f-8052-123f-49fd5dbc74e7}"
EndProject
Project("{FAE04EC0-301F-11D3-BF4B-00C04F79EFBC}") = "UnityEngine.TestRunner", "UnityEngine.TestRunner.csproj", "{d3a19e87-05f2-9456-1e94-b548a5e40efd}"
EndProject
Project("{FAE04EC0-301F-11D3-BF4B-00C04F79EFBC}") = "UnityEngine.Purchasing.Stores", "UnityEngine.Purchasing.Stores.csproj", "{fa5617e2-9196-03c9-4eb0-c75c45985ddf}"
EndProject
Project("{FAE04EC0-301F-11D3-BF4B-00C04F79EFBC}") = "Unity.VisualScripting.Flow", "Unity.VisualScripting.Flow.csproj", "{17dd6694-626f-acce-4ad7-880efc1a2c93}"
EndProject
Project("{FAE04EC0-301F-11D3-BF4B-00C04F79EFBC}") = "Unity.Services.Analytics", "Unity.Services.Analytics.csproj", "{793cc735-b75c-a615-6e77-64b5bd48ad35}"
EndProject
Project("{FAE04EC0-301F-11D3-BF4B-00C04F79EFBC}") = "Unity.Mathematics", "Unity.Mathematics.csproj", "{027b5de2-63d0-4325-5bc6-9e600d2c5b51}"
EndProject
Project("{FAE04EC0-301F-11D3-BF4B-00C04F79EFBC}") = "Unity.Services.Core.Telemetry", "Unity.Services.Core.Telemetry.csproj", "{6ac465ea-ea88-7b31-ef3b-64a20b5c9d68}"
EndProject
Project("{FAE04EC0-301F-11D3-BF4B-00C04F79EFBC}") = "Unity.VisualScripting.State", "Unity.VisualScripting.State.csproj", "{d2526982-b379-663b-7f4b-9ca1440eb1b9}"
EndProject
Project("{FAE04EC0-301F-11D3-BF4B-00C04F79EFBC}") = "Unity.VisualScripting.Core", "Unity.VisualScripting.Core.csproj", "{c6bdf2e2-9afe-a210-b770-df4aa958a175}"
EndProject
Project("{FAE04EC0-301F-11D3-BF4B-00C04F79EFBC}") = "UnityEngine.Purchasing.WinRTCore", "UnityEngine.Purchasing.WinRTCore.csproj", "{2f014c4d-edd7-d9b3-b23d-f09fd2802531}"
EndProject
Project("{FAE04EC0-301F-11D3-BF4B-00C04F79EFBC}") = "Assembly-CSharp", "Assembly-CSharp.csproj", "{a868d44c-5626-9b88-5118-5f5302229e57}"
EndProject
Project("{FAE04EC0-301F-11D3-BF4B-00C04F79EFBC}") = "UnityEngine.Purchasing.AppleCore", "UnityEngine.Purchasing.AppleCore.csproj", "{fc7ef495-9455-01b6-f036-965420135828}"
EndProject
Project("{FAE04EC0-301F-11D3-BF4B-00C04F79EFBC}") = "Unity.Services.Core.Environments.Internal", "Unity.Services.Core.Environments.Internal.csproj", "{65487df5-c8cf-02a2-64df-74f4c7f66977}"
EndProject
Project("{FAE04EC0-301F-11D3-BF4B-00C04F79EFBC}") = "Unity.Burst", "Unity.Burst.csproj", "{27d63d57-ebf6-3c84-0bab-77c28ba7666f}"
EndProject
Project("{FAE04EC0-301F-11D3-BF4B-00C04F79EFBC}") = "Unity.2D.Animation.Runtime", "Unity.2D.Animation.Runtime.csproj", "{087872fd-01c9-ab26-a2dc-51aed226e262}"
EndProject
Project("{FAE04EC0-301F-11D3-BF4B-00C04F79EFBC}") = "Unity.TextMeshPro", "Unity.TextMeshPro.csproj", "{c2031bd6-50a2-2eae-8f80-f05a0b18e8f9}"
EndProject
Project("{FAE04EC0-301F-11D3-BF4B-00C04F79EFBC}") = "UnityEngine.Advertisements", "UnityEngine.Advertisements.csproj", "{fbdc3181-073e-2c9a-74b5-878fba335517}"
EndProject
Project("{FAE04EC0-301F-11D3-BF4B-00C04F79EFBC}") = "Unity.Timeline", "Unity.Timeline.csproj", "{79be8171-8c44-734d-da0a-64ce908f61cb}"
EndProject
Project("{FAE04EC0-301F-11D3-BF4B-00C04F79EFBC}") = "Unity.Services.Core", "Unity.Services.Core.csproj", "{27fb27de-6208-3a85-d491-f99f1eefa6c0}"
EndProject
Project("{FAE04EC0-301F-11D3-BF4B-00C04F79EFBC}") = "UnityEngine.Purchasing", "UnityEngine.Purchasing.csproj", "{c3367860-7f00-2090-208e-f551a0a27d19}"
EndProject
Project("{FAE04EC0-301F-11D3-BF4B-00C04F79EFBC}") = "Unity.Services.Core.Environments", "Unity.Services.Core.Environments.csproj", "{08965430-b428-6ac9-5de4-89748fc54753}"
EndProject
Project("{FAE04EC0-301F-11D3-BF4B-00C04F79EFBC}") = "Unity.Services.Core.Internal", "Unity.Services.Core.Internal.csproj", "{216473ee-cd7d-93b4-862c-48aa17bff522}"
EndProject
Project("{FAE04EC0-301F-11D3-BF4B-00C04F79EFBC}") = "Unity.Services.Core.Analytics", "Unity.Services.Core.Analytics.csproj", "{dbe55f98-44aa-642f-3e7c-c13866df96fb}"
EndProject
Project("{FAE04EC0-301F-11D3-BF4B-00C04F79EFBC}") = "UnityEngine.Purchasing.SecurityStub", "UnityEngine.Purchasing.SecurityStub.csproj", "{ea72e9ff-c9bc-d824-00e3-b084d28c617a}"
EndProject
Project("{FAE04EC0-301F-11D3-BF4B-00C04F79EFBC}") = "Unity.2D.SpriteShape.Runtime", "Unity.2D.SpriteShape.Runtime.csproj", "{1026c526-8280-e96e-8477-488d3a40ea14}"
EndProject
Project("{FAE04EC0-301F-11D3-BF4B-00C04F79EFBC}") = "Unity.Services.Core.Scheduler", "Unity.Services.Core.Scheduler.csproj", "{d9cc4345-4e4d-7e67-bc3e-59eb93dfa6bd}"
EndProject
Project("{FAE04EC0-301F-11D3-BF4B-00C04F79EFBC}") = "Purchasing.Common", "Purchasing.Common.csproj", "{4f38f290-a2c1-9468-5ddd-09c49e6ab093}"
EndProject
Project("{FAE04EC0-301F-11D3-BF4B-00C04F79EFBC}") = "Unity.Services.Core.Registration", "Unity.Services.Core.Registration.csproj", "{86173af1-b1ac-5d7b-27b5-19c26a25831a}"
EndProject
Project("{FAE04EC0-301F-11D3-BF4B-00C04F79EFBC}") = "Unity.2D.PixelPerfect", "Unity.2D.PixelPerfect.csproj", "{9292ab41-0e12-cae1-6bd0-202e87b9f796}"
EndProject
Project("{FAE04EC0-301F-11D3-BF4B-00C04F79EFBC}") = "Unity.2D.Common.Runtime", "Unity.2D.Common.Runtime.csproj", "{87d55047-a2c8-2ca4-6661-3964f5271925}"
EndProject
Project("{FAE04EC0-301F-11D3-BF4B-00C04F79EFBC}") = "Unity.2D.IK.Runtime", "Unity.2D.IK.Runtime.csproj", "{8bb12608-7738-2cad-7087-51c3e535fa65}"
EndProject
Project("{FAE04EC0-301F-11D3-BF4B-00C04F79EFBC}") = "Unity.Services.Core.Device", "Unity.Services.Core.Device.csproj", "{2f58a13e-b285-a4b4-da11-bc9e6d6869ee}"
EndProject
Project("{FAE04EC0-301F-11D3-BF4B-00C04F79EFBC}") = "UnityEngine.Purchasing.SecurityCore", "UnityEngine.Purchasing.SecurityCore.csproj", "{448c3874-ccd6-464d-b911-1691fbbfa9f4}"
EndProject
Project("{FAE04EC0-301F-11D3-BF4B-00C04F79EFBC}") = "UnityEngine.Purchasing.WinRTStub", "UnityEngine.Purchasing.WinRTStub.csproj", "{ab7b9c2e-15dd-a8bf-751b-3838ac792914}"
EndProject
Project("{FAE04EC0-301F-11D3-BF4B-00C04F79EFBC}") = "Unity.Services.Core.Threading", "Unity.Services.Core.Threading.csproj", "{2d576670-3a37-3be2-aca2-aa18e6d0172b}"
EndProject
Project("{FAE04EC0-301F-11D3-BF4B-00C04F79EFBC}") = "Unity.2D.Tilemap.Extras", "Unity.2D.Tilemap.Extras.csproj", "{a6694740-0081-e9f6-2160-1a88a7a6413c}"
EndProject
Project("{FAE04EC0-301F-11D3-BF4B-00C04F79EFBC}") = "Unity.Services.Core.Networking", "Unity.Services.Core.Networking.csproj", "{f2f2b551-24ed-0c42-c0ff-d24a00b25887}"
EndProject
Project("{FAE04EC0-301F-11D3-BF4B-00C04F79EFBC}") = "UnityEngine.Purchasing.AppleMacosStub", "UnityEngine.Purchasing.AppleMacosStub.csproj", "{ebd128ea-6088-5b87-902c-3a4a8dca5a36}"
EndProject
Project("{FAE04EC0-301F-11D3-BF4B-00C04F79EFBC}") = "Unity.InternalAPIEngineBridge.001", "Unity.InternalAPIEngineBridge.001.csproj", "{a2911b59-9402-546e-9d44-717bedd89589}"
EndProject
Project("{FAE04EC0-301F-11D3-BF4B-00C04F79EFBC}") = "Unity.Services.Core.Configuration", "Unity.Services.Core.Configuration.csproj", "{ccabb257-9ce0-7dc4-2a63-c356c871a033}"
EndProject
Project("{FAE04EC0-301F-11D3-BF4B-00C04F79EFBC}") = "UnityEngine.Purchasing.Codeless", "UnityEngine.Purchasing.Codeless.csproj", "{06adff6d-69b9-9d6b-f743-2df71671eba3}"
EndProject
Project("{FAE04EC0-301F-11D3-BF4B-00C04F79EFBC}") = "UnityEngine.Purchasing.AppleStub", "UnityEngine.Purchasing.AppleStub.csproj", "{a56fe592-3f08-e4c9-0cc0-b4d0c39fda06}"
EndProject
Project("{FAE04EC0-301F-11D3-BF4B-00C04F79EFBC}") = "Unity.PlasticSCM.Editor", "Unity.PlasticSCM.Editor.csproj", "{1b45e1f3-cc28-dca3-a763-77ce48f302f6}"
EndProject
Project("{FAE04EC0-301F-11D3-BF4B-00C04F79EFBC}") = "Unity.VisualScripting.Core.Editor", "Unity.VisualScripting.Core.Editor.csproj", "{046d2cc2-f4e7-dd99-9222-213fe2b6446d}"
EndProject
Project("{FAE04EC0-301F-11D3-BF4B-00C04F79EFBC}") = "Unity.VisualScripting.Flow.Editor", "Unity.VisualScripting.Flow.Editor.csproj", "{556b30a3-f96c-e8da-496e-2efaa11fbdfc}"
EndProject
Project("{FAE04EC0-301F-11D3-BF4B-00C04F79EFBC}") = "Unity.VisualStudio.Editor", "Unity.VisualStudio.Editor.csproj", "{6ba618bd-7e69-3ca4-5f8f-2b5418a802cb}"
EndProject
Project("{FAE04EC0-301F-11D3-BF4B-00C04F79EFBC}") = "Unity.Timeline.Editor", "Unity.Timeline.Editor.csproj", "{337a612a-3a8d-82db-812a-1c080642bbe1}"
EndProject
Project("{FAE04EC0-301F-11D3-BF4B-00C04F79EFBC}") = "Unity.VisualScripting.State.Editor", "Unity.VisualScripting.State.Editor.csproj", "{68073599-83eb-2b94-9a06-7c68526df1be}"
EndProject
Project("{FAE04EC0-301F-11D3-BF4B-00C04F79EFBC}") = "Unity.Services.Core.Editor", "Unity.Services.Core.Editor.csproj", "{c810345b-e35b-21f9-9069-d9d14c18485a}"
EndProject
Project("{FAE04EC0-301F-11D3-BF4B-00C04F79EFBC}") = "Unity.TextMeshPro.Editor", "Unity.TextMeshPro.Editor.csproj", "{152110b5-54bb-6e03-0252-04e7e7c5a5e6}"
EndProject
Project("{FAE04EC0-301F-11D3-BF4B-00C04F79EFBC}") = "Unity.2D.PixelPerfect.Editor", "Unity.2D.PixelPerfect.Editor.csproj", "{3d039c52-51c5-1e4f-2580-fb8c6ce8cab3}"
EndProject
Project("{FAE04EC0-301F-11D3-BF4B-00C04F79EFBC}") = "Unity.2D.Animation.Editor", "Unity.2D.Animation.Editor.csproj", "{6d2bcd26-eeee-676b-681f-416117c5ece4}"
EndProject
Project("{FAE04EC0-301F-11D3-BF4B-00C04F79EFBC}") = "Unity.VisualScripting.SettingsProvider.Editor", "Unity.VisualScripting.SettingsProvider.Editor.csproj", "{4878d14b-aab1-fc07-498c-718eff7d8c9a}"
EndProject
Project("{FAE04EC0-301F-11D3-BF4B-00C04F79EFBC}") = "Unity.2D.Psdimporter.Editor", "Unity.2D.Psdimporter.Editor.csproj", "{e4513d81-c970-e433-84db-06974a87a04d}"
EndProject
Project("{FAE04EC0-301F-11D3-BF4B-00C04F79EFBC}") = "UnityEditor.TestRunner", "UnityEditor.TestRunner.csproj", "{e539eefd-ff97-b903-cc1a-6e5e4e73669a}"
EndProject
Project("{FAE04EC0-301F-11D3-BF4B-00C04F79EFBC}") = "Unity.2D.Tilemap.Editor", "Unity.2D.Tilemap.Editor.csproj", "{8330868b-4bc8-7a82-a92e-2056a10ad507}"
EndProject
Project("{FAE04EC0-301F-11D3-BF4B-00C04F79EFBC}") = "UnityEngine.Advertisements.Editor", "UnityEngine.Advertisements.Editor.csproj", "{46d823bd-a81e-30e1-215b-9b81a96b33c9}"
EndProject
Project("{FAE04EC0-301F-11D3-BF4B-00C04F79EFBC}") = "Unity.Rider.Editor", "Unity.Rider.Editor.csproj", "{495e2334-abe2-34e0-95cd-64a1f3f8ea0f}"
EndProject
Project("{FAE04EC0-301F-11D3-BF4B-00C04F79EFBC}") = "Unity.2D.Path.Editor", "Unity.2D.Path.Editor.csproj", "{2a246202-0d4e-183e-20bc-09798494439f}"
EndProject
Project("{FAE04EC0-301F-11D3-BF4B-00C04F79EFBC}") = "PsdPlugin", "PsdPlugin.csproj", "{ccc17883-a29f-66ba-4b1f-287fee6a6587}"
EndProject
Project("{FAE04EC0-301F-11D3-BF4B-00C04F79EFBC}") = "UnityEngine.Advertisements.DevX.Editor", "UnityEngine.Advertisements.DevX.Editor.csproj", "{31a090c7-499a-8aab-a379-67260177e13d}"
EndProject
Project("{FAE04EC0-301F-11D3-BF4B-00C04F79EFBC}") = "Unity.2D.IK.Editor", "Unity.2D.IK.Editor.csproj", "{4d36b96f-b0bc-52f0-be88-656c0fb876fc}"
EndProject
Project("{FAE04EC0-301F-11D3-BF4B-00C04F79EFBC}") = "Unity.2D.SpriteShape.Editor", "Unity.2D.SpriteShape.Editor.csproj", "{f5e57070-acfe-d72a-c7cc-7883a07da4fb}"
EndProject
Project("{FAE04EC0-301F-11D3-BF4B-00C04F79EFBC}") = "UnityEditor.Purchasing", "UnityEditor.Purchasing.csproj", "{aaf7b0fe-b745-9213-b5ac-c0c4773e0a9f}"
EndProject
Project("{FAE04EC0-301F-11D3-BF4B-00C04F79EFBC}") = "Unity.Burst.CodeGen", "Unity.Burst.CodeGen.csproj", "{dcafb6eb-aff0-8a84-cfd7-246fd3d5c7e7}"
EndProject
Project("{FAE04EC0-301F-11D3-BF4B-00C04F79EFBC}") = "Unity.VSCode.Editor", "Unity.VSCode.Editor.csproj", "{c4d10e0c-fc5d-622e-42bd-4b1cd93367fb}"
EndProject
Project("{FAE04EC0-301F-11D3-BF4B-00C04F79EFBC}") = "Unity.2D.Sprite.Editor", "Unity.2D.Sprite.Editor.csproj", "{9af7273f-633a-d8a0-4940-5b805fea1ef0}"
EndProject
Project("{FAE04EC0-301F-11D3-BF4B-00C04F79EFBC}") = "UnityEditor.UI", "UnityEditor.UI.csproj", "{4b1f4850-8032-a841-afd5-78d6e922b5fd}"
EndProject
Project("{FAE04EC0-301F-11D3-BF4B-00C04F79EFBC}") = "Unity.2D.Common.Editor", "Unity.2D.Common.Editor.csproj", "{71edca4d-d989-90cc-efb8-e748788dac80}"
EndProject
Project("{FAE04EC0-301F-11D3-BF4B-00C04F79EFBC}") = "Assembly-CSharp-Editor", "Assembly-CSharp-Editor.csproj", "{d1bd4364-6264-641b-fc16-b12a56dc2d65}"
EndProject
Project("{FAE04EC0-301F-11D3-BF4B-00C04F79EFBC}") = "Unity.CollabProxy.Editor", "Unity.CollabProxy.Editor.csproj", "{62cc1be8-1aa2-4de5-6224-eb884002eea6}"
EndProject
Project("{FAE04EC0-301F-11D3-BF4B-00C04F79EFBC}") = "Unity.Mathematics.Editor", "Unity.Mathematics.Editor.csproj", "{b0ea74ec-7610-e6e2-f422-0362b35da8d5}"
EndProject
Project("{FAE04EC0-301F-11D3-BF4B-00C04F79EFBC}") = "Unity.Services.Core.Configuration.Editor", "Unity.Services.Core.Configuration.Editor.csproj", "{f51e8892-130d-c512-2729-601c167b4a46}"
EndProject
Project("{FAE04EC0-301F-11D3-BF4B-00C04F79EFBC}") = "Unity.2D.Tilemap.Extras.Editor", "Unity.2D.Tilemap.Extras.Editor.csproj", "{26c1ce2a-3149-c5ec-76f2-36b419891947}"
EndProject
Project("{FAE04EC0-301F-11D3-BF4B-00C04F79EFBC}") = "Unity.Burst.Editor", "Unity.Burst.Editor.csproj", "{4e1707d4-ce6d-1169-7c0f-26a492c81de2}"
EndProject
Project("{FAE04EC0-301F-11D3-BF4B-00C04F79EFBC}") = "Unity.InternalAPIEditorBridge.001", "Unity.InternalAPIEditorBridge.001.csproj", "{a45fa0c9-a12c-caca-f477-0cb61de8cbc4}"
EndProject
Project("{FAE04EC0-301F-11D3-BF4B-00C04F79EFBC}") = "Unity.VisualScripting.Shared.Editor", "Unity.VisualScripting.Shared.Editor.csproj", "{78d1ae0f-62e2-e48d-fda3-ff6c03db3ce6}"
EndProject
Project("{FAE04EC0-301F-11D3-BF4B-00C04F79EFBC}") = "Unity.Services.Analytics.Editor", "Unity.Services.Analytics.Editor.csproj", "{bf0b4081-7b8c-6662-2466-5b607862fcc0}"
EndProject
Global
	GlobalSection(SolutionConfigurationPlatforms) = preSolution
		Debug|Any CPU = Debug|Any CPU
	EndGlobalSection
	GlobalSection(ProjectConfigurationPlatforms) = postSolution
		{d3074d38-aa3f-8052-123f-49fd5dbc74e7}.Debug|Any CPU.ActiveCfg = Debug|Any CPU
		{d3074d38-aa3f-8052-123f-49fd5dbc74e7}.Debug|Any CPU.Build.0 = Debug|Any CPU
		{d3a19e87-05f2-9456-1e94-b548a5e40efd}.Debug|Any CPU.ActiveCfg = Debug|Any CPU
		{d3a19e87-05f2-9456-1e94-b548a5e40efd}.Debug|Any CPU.Build.0 = Debug|Any CPU
		{fa5617e2-9196-03c9-4eb0-c75c45985ddf}.Debug|Any CPU.ActiveCfg = Debug|Any CPU
		{fa5617e2-9196-03c9-4eb0-c75c45985ddf}.Debug|Any CPU.Build.0 = Debug|Any CPU
		{17dd6694-626f-acce-4ad7-880efc1a2c93}.Debug|Any CPU.ActiveCfg = Debug|Any CPU
		{17dd6694-626f-acce-4ad7-880efc1a2c93}.Debug|Any CPU.Build.0 = Debug|Any CPU
		{793cc735-b75c-a615-6e77-64b5bd48ad35}.Debug|Any CPU.ActiveCfg = Debug|Any CPU
		{793cc735-b75c-a615-6e77-64b5bd48ad35}.Debug|Any CPU.Build.0 = Debug|Any CPU
		{027b5de2-63d0-4325-5bc6-9e600d2c5b51}.Debug|Any CPU.ActiveCfg = Debug|Any CPU
		{027b5de2-63d0-4325-5bc6-9e600d2c5b51}.Debug|Any CPU.Build.0 = Debug|Any CPU
		{6ac465ea-ea88-7b31-ef3b-64a20b5c9d68}.Debug|Any CPU.ActiveCfg = Debug|Any CPU
		{6ac465ea-ea88-7b31-ef3b-64a20b5c9d68}.Debug|Any CPU.Build.0 = Debug|Any CPU
		{d2526982-b379-663b-7f4b-9ca1440eb1b9}.Debug|Any CPU.ActiveCfg = Debug|Any CPU
		{d2526982-b379-663b-7f4b-9ca1440eb1b9}.Debug|Any CPU.Build.0 = Debug|Any CPU
		{c6bdf2e2-9afe-a210-b770-df4aa958a175}.Debug|Any CPU.ActiveCfg = Debug|Any CPU
		{c6bdf2e2-9afe-a210-b770-df4aa958a175}.Debug|Any CPU.Build.0 = Debug|Any CPU
		{2f014c4d-edd7-d9b3-b23d-f09fd2802531}.Debug|Any CPU.ActiveCfg = Debug|Any CPU
		{2f014c4d-edd7-d9b3-b23d-f09fd2802531}.Debug|Any CPU.Build.0 = Debug|Any CPU
		{a868d44c-5626-9b88-5118-5f5302229e57}.Debug|Any CPU.ActiveCfg = Debug|Any CPU
		{a868d44c-5626-9b88-5118-5f5302229e57}.Debug|Any CPU.Build.0 = Debug|Any CPU
		{fc7ef495-9455-01b6-f036-965420135828}.Debug|Any CPU.ActiveCfg = Debug|Any CPU
		{fc7ef495-9455-01b6-f036-965420135828}.Debug|Any CPU.Build.0 = Debug|Any CPU
		{65487df5-c8cf-02a2-64df-74f4c7f66977}.Debug|Any CPU.ActiveCfg = Debug|Any CPU
		{65487df5-c8cf-02a2-64df-74f4c7f66977}.Debug|Any CPU.Build.0 = Debug|Any CPU
		{27d63d57-ebf6-3c84-0bab-77c28ba7666f}.Debug|Any CPU.ActiveCfg = Debug|Any CPU
		{27d63d57-ebf6-3c84-0bab-77c28ba7666f}.Debug|Any CPU.Build.0 = Debug|Any CPU
		{087872fd-01c9-ab26-a2dc-51aed226e262}.Debug|Any CPU.ActiveCfg = Debug|Any CPU
		{087872fd-01c9-ab26-a2dc-51aed226e262}.Debug|Any CPU.Build.0 = Debug|Any CPU
		{c2031bd6-50a2-2eae-8f80-f05a0b18e8f9}.Debug|Any CPU.ActiveCfg = Debug|Any CPU
		{c2031bd6-50a2-2eae-8f80-f05a0b18e8f9}.Debug|Any CPU.Build.0 = Debug|Any CPU
		{fbdc3181-073e-2c9a-74b5-878fba335517}.Debug|Any CPU.ActiveCfg = Debug|Any CPU
		{fbdc3181-073e-2c9a-74b5-878fba335517}.Debug|Any CPU.Build.0 = Debug|Any CPU
		{79be8171-8c44-734d-da0a-64ce908f61cb}.Debug|Any CPU.ActiveCfg = Debug|Any CPU
		{79be8171-8c44-734d-da0a-64ce908f61cb}.Debug|Any CPU.Build.0 = Debug|Any CPU
		{27fb27de-6208-3a85-d491-f99f1eefa6c0}.Debug|Any CPU.ActiveCfg = Debug|Any CPU
		{27fb27de-6208-3a85-d491-f99f1eefa6c0}.Debug|Any CPU.Build.0 = Debug|Any CPU
		{c3367860-7f00-2090-208e-f551a0a27d19}.Debug|Any CPU.ActiveCfg = Debug|Any CPU
		{c3367860-7f00-2090-208e-f551a0a27d19}.Debug|Any CPU.Build.0 = Debug|Any CPU
		{08965430-b428-6ac9-5de4-89748fc54753}.Debug|Any CPU.ActiveCfg = Debug|Any CPU
		{08965430-b428-6ac9-5de4-89748fc54753}.Debug|Any CPU.Build.0 = Debug|Any CPU
		{216473ee-cd7d-93b4-862c-48aa17bff522}.Debug|Any CPU.ActiveCfg = Debug|Any CPU
		{216473ee-cd7d-93b4-862c-48aa17bff522}.Debug|Any CPU.Build.0 = Debug|Any CPU
		{dbe55f98-44aa-642f-3e7c-c13866df96fb}.Debug|Any CPU.ActiveCfg = Debug|Any CPU
		{dbe55f98-44aa-642f-3e7c-c13866df96fb}.Debug|Any CPU.Build.0 = Debug|Any CPU
		{ea72e9ff-c9bc-d824-00e3-b084d28c617a}.Debug|Any CPU.ActiveCfg = Debug|Any CPU
		{ea72e9ff-c9bc-d824-00e3-b084d28c617a}.Debug|Any CPU.Build.0 = Debug|Any CPU
		{1026c526-8280-e96e-8477-488d3a40ea14}.Debug|Any CPU.ActiveCfg = Debug|Any CPU
		{1026c526-8280-e96e-8477-488d3a40ea14}.Debug|Any CPU.Build.0 = Debug|Any CPU
		{d9cc4345-4e4d-7e67-bc3e-59eb93dfa6bd}.Debug|Any CPU.ActiveCfg = Debug|Any CPU
		{d9cc4345-4e4d-7e67-bc3e-59eb93dfa6bd}.Debug|Any CPU.Build.0 = Debug|Any CPU
		{4f38f290-a2c1-9468-5ddd-09c49e6ab093}.Debug|Any CPU.ActiveCfg = Debug|Any CPU
		{4f38f290-a2c1-9468-5ddd-09c49e6ab093}.Debug|Any CPU.Build.0 = Debug|Any CPU
		{86173af1-b1ac-5d7b-27b5-19c26a25831a}.Debug|Any CPU.ActiveCfg = Debug|Any CPU
		{86173af1-b1ac-5d7b-27b5-19c26a25831a}.Debug|Any CPU.Build.0 = Debug|Any CPU
		{9292ab41-0e12-cae1-6bd0-202e87b9f796}.Debug|Any CPU.ActiveCfg = Debug|Any CPU
		{9292ab41-0e12-cae1-6bd0-202e87b9f796}.Debug|Any CPU.Build.0 = Debug|Any CPU
		{87d55047-a2c8-2ca4-6661-3964f5271925}.Debug|Any CPU.ActiveCfg = Debug|Any CPU
		{87d55047-a2c8-2ca4-6661-3964f5271925}.Debug|Any CPU.Build.0 = Debug|Any CPU
		{8bb12608-7738-2cad-7087-51c3e535fa65}.Debug|Any CPU.ActiveCfg = Debug|Any CPU
		{8bb12608-7738-2cad-7087-51c3e535fa65}.Debug|Any CPU.Build.0 = Debug|Any CPU
		{2f58a13e-b285-a4b4-da11-bc9e6d6869ee}.Debug|Any CPU.ActiveCfg = Debug|Any CPU
		{2f58a13e-b285-a4b4-da11-bc9e6d6869ee}.Debug|Any CPU.Build.0 = Debug|Any CPU
		{448c3874-ccd6-464d-b911-1691fbbfa9f4}.Debug|Any CPU.ActiveCfg = Debug|Any CPU
		{448c3874-ccd6-464d-b911-1691fbbfa9f4}.Debug|Any CPU.Build.0 = Debug|Any CPU
		{ab7b9c2e-15dd-a8bf-751b-3838ac792914}.Debug|Any CPU.ActiveCfg = Debug|Any CPU
		{ab7b9c2e-15dd-a8bf-751b-3838ac792914}.Debug|Any CPU.Build.0 = Debug|Any CPU
		{2d576670-3a37-3be2-aca2-aa18e6d0172b}.Debug|Any CPU.ActiveCfg = Debug|Any CPU
		{2d576670-3a37-3be2-aca2-aa18e6d0172b}.Debug|Any CPU.Build.0 = Debug|Any CPU
		{a6694740-0081-e9f6-2160-1a88a7a6413c}.Debug|Any CPU.ActiveCfg = Debug|Any CPU
		{a6694740-0081-e9f6-2160-1a88a7a6413c}.Debug|Any CPU.Build.0 = Debug|Any CPU
		{f2f2b551-24ed-0c42-c0ff-d24a00b25887}.Debug|Any CPU.ActiveCfg = Debug|Any CPU
		{f2f2b551-24ed-0c42-c0ff-d24a00b25887}.Debug|Any CPU.Build.0 = Debug|Any CPU
		{ebd128ea-6088-5b87-902c-3a4a8dca5a36}.Debug|Any CPU.ActiveCfg = Debug|Any CPU
		{ebd128ea-6088-5b87-902c-3a4a8dca5a36}.Debug|Any CPU.Build.0 = Debug|Any CPU
		{a2911b59-9402-546e-9d44-717bedd89589}.Debug|Any CPU.ActiveCfg = Debug|Any CPU
		{a2911b59-9402-546e-9d44-717bedd89589}.Debug|Any CPU.Build.0 = Debug|Any CPU
		{ccabb257-9ce0-7dc4-2a63-c356c871a033}.Debug|Any CPU.ActiveCfg = Debug|Any CPU
		{ccabb257-9ce0-7dc4-2a63-c356c871a033}.Debug|Any CPU.Build.0 = Debug|Any CPU
		{06adff6d-69b9-9d6b-f743-2df71671eba3}.Debug|Any CPU.ActiveCfg = Debug|Any CPU
		{06adff6d-69b9-9d6b-f743-2df71671eba3}.Debug|Any CPU.Build.0 = Debug|Any CPU
		{a56fe592-3f08-e4c9-0cc0-b4d0c39fda06}.Debug|Any CPU.ActiveCfg = Debug|Any CPU
		{a56fe592-3f08-e4c9-0cc0-b4d0c39fda06}.Debug|Any CPU.Build.0 = Debug|Any CPU
		{1b45e1f3-cc28-dca3-a763-77ce48f302f6}.Debug|Any CPU.ActiveCfg = Debug|Any CPU
		{1b45e1f3-cc28-dca3-a763-77ce48f302f6}.Debug|Any CPU.Build.0 = Debug|Any CPU
		{046d2cc2-f4e7-dd99-9222-213fe2b6446d}.Debug|Any CPU.ActiveCfg = Debug|Any CPU
		{046d2cc2-f4e7-dd99-9222-213fe2b6446d}.Debug|Any CPU.Build.0 = Debug|Any CPU
		{556b30a3-f96c-e8da-496e-2efaa11fbdfc}.Debug|Any CPU.ActiveCfg = Debug|Any CPU
		{556b30a3-f96c-e8da-496e-2efaa11fbdfc}.Debug|Any CPU.Build.0 = Debug|Any CPU
		{6ba618bd-7e69-3ca4-5f8f-2b5418a802cb}.Debug|Any CPU.ActiveCfg = Debug|Any CPU
		{6ba618bd-7e69-3ca4-5f8f-2b5418a802cb}.Debug|Any CPU.Build.0 = Debug|Any CPU
		{337a612a-3a8d-82db-812a-1c080642bbe1}.Debug|Any CPU.ActiveCfg = Debug|Any CPU
		{337a612a-3a8d-82db-812a-1c080642bbe1}.Debug|Any CPU.Build.0 = Debug|Any CPU
		{68073599-83eb-2b94-9a06-7c68526df1be}.Debug|Any CPU.ActiveCfg = Debug|Any CPU
		{68073599-83eb-2b94-9a06-7c68526df1be}.Debug|Any CPU.Build.0 = Debug|Any CPU
		{c810345b-e35b-21f9-9069-d9d14c18485a}.Debug|Any CPU.ActiveCfg = Debug|Any CPU
		{c810345b-e35b-21f9-9069-d9d14c18485a}.Debug|Any CPU.Build.0 = Debug|Any CPU
		{152110b5-54bb-6e03-0252-04e7e7c5a5e6}.Debug|Any CPU.ActiveCfg = Debug|Any CPU
		{152110b5-54bb-6e03-0252-04e7e7c5a5e6}.Debug|Any CPU.Build.0 = Debug|Any CPU
		{3d039c52-51c5-1e4f-2580-fb8c6ce8cab3}.Debug|Any CPU.ActiveCfg = Debug|Any CPU
		{3d039c52-51c5-1e4f-2580-fb8c6ce8cab3}.Debug|Any CPU.Build.0 = Debug|Any CPU
		{6d2bcd26-eeee-676b-681f-416117c5ece4}.Debug|Any CPU.ActiveCfg = Debug|Any CPU
		{6d2bcd26-eeee-676b-681f-416117c5ece4}.Debug|Any CPU.Build.0 = Debug|Any CPU
		{4878d14b-aab1-fc07-498c-718eff7d8c9a}.Debug|Any CPU.ActiveCfg = Debug|Any CPU
		{4878d14b-aab1-fc07-498c-718eff7d8c9a}.Debug|Any CPU.Build.0 = Debug|Any CPU
		{e4513d81-c970-e433-84db-06974a87a04d}.Debug|Any CPU.ActiveCfg = Debug|Any CPU
		{e4513d81-c970-e433-84db-06974a87a04d}.Debug|Any CPU.Build.0 = Debug|Any CPU
		{e539eefd-ff97-b903-cc1a-6e5e4e73669a}.Debug|Any CPU.ActiveCfg = Debug|Any CPU
		{e539eefd-ff97-b903-cc1a-6e5e4e73669a}.Debug|Any CPU.Build.0 = Debug|Any CPU
		{8330868b-4bc8-7a82-a92e-2056a10ad507}.Debug|Any CPU.ActiveCfg = Debug|Any CPU
		{8330868b-4bc8-7a82-a92e-2056a10ad507}.Debug|Any CPU.Build.0 = Debug|Any CPU
		{46d823bd-a81e-30e1-215b-9b81a96b33c9}.Debug|Any CPU.ActiveCfg = Debug|Any CPU
		{46d823bd-a81e-30e1-215b-9b81a96b33c9}.Debug|Any CPU.Build.0 = Debug|Any CPU
		{495e2334-abe2-34e0-95cd-64a1f3f8ea0f}.Debug|Any CPU.ActiveCfg = Debug|Any CPU
		{495e2334-abe2-34e0-95cd-64a1f3f8ea0f}.Debug|Any CPU.Build.0 = Debug|Any CPU
		{2a246202-0d4e-183e-20bc-09798494439f}.Debug|Any CPU.ActiveCfg = Debug|Any CPU
		{2a246202-0d4e-183e-20bc-09798494439f}.Debug|Any CPU.Build.0 = Debug|Any CPU
		{ccc17883-a29f-66ba-4b1f-287fee6a6587}.Debug|Any CPU.ActiveCfg = Debug|Any CPU
		{ccc17883-a29f-66ba-4b1f-287fee6a6587}.Debug|Any CPU.Build.0 = Debug|Any CPU
		{31a090c7-499a-8aab-a379-67260177e13d}.Debug|Any CPU.ActiveCfg = Debug|Any CPU
		{31a090c7-499a-8aab-a379-67260177e13d}.Debug|Any CPU.Build.0 = Debug|Any CPU
		{4d36b96f-b0bc-52f0-be88-656c0fb876fc}.Debug|Any CPU.ActiveCfg = Debug|Any CPU
		{4d36b96f-b0bc-52f0-be88-656c0fb876fc}.Debug|Any CPU.Build.0 = Debug|Any CPU
		{f5e57070-acfe-d72a-c7cc-7883a07da4fb}.Debug|Any CPU.ActiveCfg = Debug|Any CPU
		{f5e57070-acfe-d72a-c7cc-7883a07da4fb}.Debug|Any CPU.Build.0 = Debug|Any CPU
		{aaf7b0fe-b745-9213-b5ac-c0c4773e0a9f}.Debug|Any CPU.ActiveCfg = Debug|Any CPU
		{aaf7b0fe-b745-9213-b5ac-c0c4773e0a9f}.Debug|Any CPU.Build.0 = Debug|Any CPU
		{dcafb6eb-aff0-8a84-cfd7-246fd3d5c7e7}.Debug|Any CPU.ActiveCfg = Debug|Any CPU
		{dcafb6eb-aff0-8a84-cfd7-246fd3d5c7e7}.Debug|Any CPU.Build.0 = Debug|Any CPU
		{c4d10e0c-fc5d-622e-42bd-4b1cd93367fb}.Debug|Any CPU.ActiveCfg = Debug|Any CPU
		{c4d10e0c-fc5d-622e-42bd-4b1cd93367fb}.Debug|Any CPU.Build.0 = Debug|Any CPU
		{9af7273f-633a-d8a0-4940-5b805fea1ef0}.Debug|Any CPU.ActiveCfg = Debug|Any CPU
		{9af7273f-633a-d8a0-4940-5b805fea1ef0}.Debug|Any CPU.Build.0 = Debug|Any CPU
		{4b1f4850-8032-a841-afd5-78d6e922b5fd}.Debug|Any CPU.ActiveCfg = Debug|Any CPU
		{4b1f4850-8032-a841-afd5-78d6e922b5fd}.Debug|Any CPU.Build.0 = Debug|Any CPU
		{71edca4d-d989-90cc-efb8-e748788dac80}.Debug|Any CPU.ActiveCfg = Debug|Any CPU
		{71edca4d-d989-90cc-efb8-e748788dac80}.Debug|Any CPU.Build.0 = Debug|Any CPU
		{d1bd4364-6264-641b-fc16-b12a56dc2d65}.Debug|Any CPU.ActiveCfg = Debug|Any CPU
		{d1bd4364-6264-641b-fc16-b12a56dc2d65}.Debug|Any CPU.Build.0 = Debug|Any CPU
		{62cc1be8-1aa2-4de5-6224-eb884002eea6}.Debug|Any CPU.ActiveCfg = Debug|Any CPU
		{62cc1be8-1aa2-4de5-6224-eb884002eea6}.Debug|Any CPU.Build.0 = Debug|Any CPU
		{b0ea74ec-7610-e6e2-f422-0362b35da8d5}.Debug|Any CPU.ActiveCfg = Debug|Any CPU
		{b0ea74ec-7610-e6e2-f422-0362b35da8d5}.Debug|Any CPU.Build.0 = Debug|Any CPU
		{f51e8892-130d-c512-2729-601c167b4a46}.Debug|Any CPU.ActiveCfg = Debug|Any CPU
		{f51e8892-130d-c512-2729-601c167b4a46}.Debug|Any CPU.Build.0 = Debug|Any CPU
		{26c1ce2a-3149-c5ec-76f2-36b419891947}.Debug|Any CPU.ActiveCfg = Debug|Any CPU
		{26c1ce2a-3149-c5ec-76f2-36b419891947}.Debug|Any CPU.Build.0 = Debug|Any CPU
		{4e1707d4-ce6d-1169-7c0f-26a492c81de2}.Debug|Any CPU.ActiveCfg = Debug|Any CPU
		{4e1707d4-ce6d-1169-7c0f-26a492c81de2}.Debug|Any CPU.Build.0 = Debug|Any CPU
		{a45fa0c9-a12c-caca-f477-0cb61de8cbc4}.Debug|Any CPU.ActiveCfg = Debug|Any CPU
		{a45fa0c9-a12c-caca-f477-0cb61de8cbc4}.Debug|Any CPU.Build.0 = Debug|Any CPU
		{78d1ae0f-62e2-e48d-fda3-ff6c03db3ce6}.Debug|Any CPU.ActiveCfg = Debug|Any CPU
		{78d1ae0f-62e2-e48d-fda3-ff6c03db3ce6}.Debug|Any CPU.Build.0 = Debug|Any CPU
		{bf0b4081-7b8c-6662-2466-5b607862fcc0}.Debug|Any CPU.ActiveCfg = Debug|Any CPU
		{bf0b4081-7b8c-6662-2466-5b607862fcc0}.Debug|Any CPU.Build.0 = Debug|Any CPU
	EndGlobalSection
	GlobalSection(SolutionProperties) = preSolution
		HideSolutionNode = FALSE
	EndGlobalSection
EndGlobal
