
Microsoft Visual Studio Solution File, Format Version 11.00
# Visual Studio 2010
Project("{FAE04EC0-301F-11D3-BF4B-00C04F79EFBC}") = "UnityEngine.UI", "UnityEngine.UI.csproj", "{5b3da10c-f826-739e-fc09-e539696ddab7}"
EndProject
Project("{FAE04EC0-301F-11D3-BF4B-00C04F79EFBC}") = "UnityEngine.TestRunner", "UnityEngine.TestRunner.csproj", "{bde930ce-d901-4b6f-f7ed-679ceb000d42}"
EndProject
Project("{FAE04EC0-301F-11D3-BF4B-00C04F79EFBC}") = "UnityEngine.Purchasing.Stores", "UnityEngine.Purchasing.Stores.csproj", "{0e5175eb-2b85-2a61-525e-63ad56503228}"
EndProject
Project("{FAE04EC0-301F-11D3-BF4B-00C04F79EFBC}") = "Unity.VisualScripting.Flow", "Unity.VisualScripting.Flow.csproj", "{52301bb8-5970-8682-af1e-0ffb2dfa2075}"
EndProject
Project("{FAE04EC0-301F-11D3-BF4B-00C04F79EFBC}") = "Unity.Services.Analytics", "Unity.Services.Analytics.csproj", "{740fbf16-0dd0-7e2b-b8d5-b0a59b5eeb49}"
EndProject
Project("{FAE04EC0-301F-11D3-BF4B-00C04F79EFBC}") = "Unity.Mathematics", "Unity.Mathematics.csproj", "{a9c9842b-476f-9fb6-70b0-4d51a07d037e}"
EndProject
Project("{FAE04EC0-301F-11D3-BF4B-00C04F79EFBC}") = "Unity.Services.Core.Telemetry", "Unity.Services.Core.Telemetry.csproj", "{495e73a2-9cfa-7a17-82ac-436077db36bf}"
EndProject
Project("{FAE04EC0-301F-11D3-BF4B-00C04F79EFBC}") = "Unity.VisualScripting.State", "Unity.VisualScripting.State.csproj", "{49c00f25-7dbd-b5be-236c-e910b420ea16}"
EndProject
Project("{FAE04EC0-301F-11D3-BF4B-00C04F79EFBC}") = "Unity.VisualScripting.Core", "Unity.VisualScripting.Core.csproj", "{6e9d8c61-26be-4f45-c7a2-2bd4d5df5a6b}"
EndProject
Project("{FAE04EC0-301F-11D3-BF4B-00C04F79EFBC}") = "UnityEngine.Purchasing.WinRTCore", "UnityEngine.Purchasing.WinRTCore.csproj", "{f10f87cd-6595-b91d-ebff-a8a415e4f22b}"
EndProject
Project("{FAE04EC0-301F-11D3-BF4B-00C04F79EFBC}") = "Assembly-CSharp", "Assembly-CSharp.csproj", "{01f7f6e7-25b5-5328-1e2c-917ab78ea97c}"
EndProject
Project("{FAE04EC0-301F-11D3-BF4B-00C04F79EFBC}") = "UnityEngine.Purchasing.AppleCore", "UnityEngine.Purchasing.AppleCore.csproj", "{cea246f3-06ab-cb70-1fbb-ac12340ab7d1}"
EndProject
Project("{FAE04EC0-301F-11D3-BF4B-00C04F79EFBC}") = "Unity.Services.Core.Environments.Internal", "Unity.Services.Core.Environments.Internal.csproj", "{ac0c5bab-2738-1624-6449-9c53a55901ad}"
EndProject
Project("{FAE04EC0-301F-11D3-BF4B-00C04F79EFBC}") = "Unity.Burst", "Unity.Burst.csproj", "{953a6d21-48c8-bf6f-e076-548687a967d4}"
EndProject
Project("{FAE04EC0-301F-11D3-BF4B-00C04F79EFBC}") = "Unity.2D.Animation.Runtime", "Unity.2D.Animation.Runtime.csproj", "{f1aca9e7-46e8-f9c7-3325-b50314fa4454}"
EndProject
Project("{FAE04EC0-301F-11D3-BF4B-00C04F79EFBC}") = "Unity.TextMeshPro", "Unity.TextMeshPro.csproj", "{a1a2102f-7f1f-71ce-9561-8fb6eb333c22}"
EndProject
Project("{FAE04EC0-301F-11D3-BF4B-00C04F79EFBC}") = "UnityEngine.Advertisements", "UnityEngine.Advertisements.csproj", "{9e11e129-a70e-6abe-9d0c-b122a69512b8}"
EndProject
Project("{FAE04EC0-301F-11D3-BF4B-00C04F79EFBC}") = "Unity.Timeline", "Unity.Timeline.csproj", "{57eaf957-4852-0937-2f13-aa61ddd99b2b}"
EndProject
Project("{FAE04EC0-301F-11D3-BF4B-00C04F79EFBC}") = "Unity.Services.Core", "Unity.Services.Core.csproj", "{516c7760-d3d4-7f86-8b2c-010daea451e9}"
EndProject
Project("{FAE04EC0-301F-11D3-BF4B-00C04F79EFBC}") = "UnityEngine.Purchasing", "UnityEngine.Purchasing.csproj", "{6890b42e-b598-9ae9-eac4-3b2758c9cf7d}"
EndProject
Project("{FAE04EC0-301F-11D3-BF4B-00C04F79EFBC}") = "Unity.Services.Core.Environments", "Unity.Services.Core.Environments.csproj", "{7fe3b2c3-e211-24bf-71d5-afee1f26785f}"
EndProject
Project("{FAE04EC0-301F-11D3-BF4B-00C04F79EFBC}") = "Unity.Services.Core.Internal", "Unity.Services.Core.Internal.csproj", "{4b652402-5d7f-7e95-d334-04fdb6113d80}"
EndProject
Project("{FAE04EC0-301F-11D3-BF4B-00C04F79EFBC}") = "Unity.Services.Core.Analytics", "Unity.Services.Core.Analytics.csproj", "{b3f8cd9f-07a6-f2e1-8bb3-f0c3bb04cc8e}"
EndProject
Project("{FAE04EC0-301F-11D3-BF4B-00C04F79EFBC}") = "UnityEngine.Purchasing.SecurityStub", "UnityEngine.Purchasing.SecurityStub.csproj", "{799f821e-f555-7cee-307b-c9754b900180}"
EndProject
Project("{FAE04EC0-301F-11D3-BF4B-00C04F79EFBC}") = "Unity.2D.SpriteShape.Runtime", "Unity.2D.SpriteShape.Runtime.csproj", "{bbd15ded-d345-b06e-d811-0022279e422d}"
EndProject
Project("{FAE04EC0-301F-11D3-BF4B-00C04F79EFBC}") = "Unity.Services.Core.Scheduler", "Unity.Services.Core.Scheduler.csproj", "{ed5c10a8-5450-dfd5-bdbe-51387d3d4a90}"
EndProject
Project("{FAE04EC0-301F-11D3-BF4B-00C04F79EFBC}") = "Purchasing.Common", "Purchasing.Common.csproj", "{7978f8af-71c1-52b4-467f-ae75c1e084c2}"
EndProject
Project("{FAE04EC0-301F-11D3-BF4B-00C04F79EFBC}") = "Unity.Services.Core.Registration", "Unity.Services.Core.Registration.csproj", "{db7dbf8c-d51c-4675-edff-a111c68050ef}"
EndProject
Project("{FAE04EC0-301F-11D3-BF4B-00C04F79EFBC}") = "Unity.2D.PixelPerfect", "Unity.2D.PixelPerfect.csproj", "{4905ae84-2e50-b23a-023f-6a792bc6afa0}"
EndProject
Project("{FAE04EC0-301F-11D3-BF4B-00C04F79EFBC}") = "Unity.2D.Common.Runtime", "Unity.2D.Common.Runtime.csproj", "{07ceb7af-9893-29c6-28e7-150cc0799076}"
EndProject
Project("{FAE04EC0-301F-11D3-BF4B-00C04F79EFBC}") = "Unity.2D.IK.Runtime", "Unity.2D.IK.Runtime.csproj", "{111b796e-0d8a-bec7-48c3-3f24ca06d25d}"
EndProject
Project("{FAE04EC0-301F-11D3-BF4B-00C04F79EFBC}") = "Unity.Services.Core.Device", "Unity.Services.Core.Device.csproj", "{75d7c87e-2942-610a-a201-6f432a78c914}"
EndProject
Project("{FAE04EC0-301F-11D3-BF4B-00C04F79EFBC}") = "UnityEngine.Purchasing.SecurityCore", "UnityEngine.Purchasing.SecurityCore.csproj", "{dc9ba1fe-95b4-d4c3-548a-3311bcf59757}"
EndProject
Project("{FAE04EC0-301F-11D3-BF4B-00C04F79EFBC}") = "UnityEngine.Purchasing.WinRTStub", "UnityEngine.Purchasing.WinRTStub.csproj", "{d9938132-b024-df19-a1fd-15ce624f9c28}"
EndProject
Project("{FAE04EC0-301F-11D3-BF4B-00C04F79EFBC}") = "Unity.Services.Core.Threading", "Unity.Services.Core.Threading.csproj", "{8b1ee0cf-35bf-9e80-f0c6-51d3f5900c8e}"
EndProject
Project("{FAE04EC0-301F-11D3-BF4B-00C04F79EFBC}") = "Unity.2D.Tilemap.Extras", "Unity.2D.Tilemap.Extras.csproj", "{a64659bd-4c5e-2b82-a9b6-6d05196e503b}"
EndProject
Project("{FAE04EC0-301F-11D3-BF4B-00C04F79EFBC}") = "Unity.Services.Core.Networking", "Unity.Services.Core.Networking.csproj", "{3a9ccc83-6cab-1fd6-771a-a91478d580e1}"
EndProject
Project("{FAE04EC0-301F-11D3-BF4B-00C04F79EFBC}") = "UnityEngine.Purchasing.AppleMacosStub", "UnityEngine.Purchasing.AppleMacosStub.csproj", "{b0025f20-ad8d-746c-0ad2-c31cf3beba54}"
EndProject
Project("{FAE04EC0-301F-11D3-BF4B-00C04F79EFBC}") = "Unity.InternalAPIEngineBridge.001", "Unity.InternalAPIEngineBridge.001.csproj", "{18ac9be3-46c0-346b-fc34-60ebeae0a194}"
EndProject
Project("{FAE04EC0-301F-11D3-BF4B-00C04F79EFBC}") = "Unity.Services.Core.Configuration", "Unity.Services.Core.Configuration.csproj", "{a7451e53-f410-362f-cad7-40b297674b07}"
EndProject
Project("{FAE04EC0-301F-11D3-BF4B-00C04F79EFBC}") = "UnityEngine.Purchasing.Codeless", "UnityEngine.Purchasing.Codeless.csproj", "{fcb234d9-81b6-c9ce-3f78-1d06b516f331}"
EndProject
Project("{FAE04EC0-301F-11D3-BF4B-00C04F79EFBC}") = "UnityEngine.Purchasing.AppleStub", "UnityEngine.Purchasing.AppleStub.csproj", "{7458a00b-ae7a-fe20-94b6-4b2f3d788fd8}"
EndProject
Project("{FAE04EC0-301F-11D3-BF4B-00C04F79EFBC}") = "Unity.PlasticSCM.Editor", "Unity.PlasticSCM.Editor.csproj", "{9ca27669-f152-cdad-073a-bf104b44aa47}"
EndProject
Project("{FAE04EC0-301F-11D3-BF4B-00C04F79EFBC}") = "Unity.VisualScripting.Core.Editor", "Unity.VisualScripting.Core.Editor.csproj", "{ae58f494-850f-9aee-31e6-b8b20ebc3b2f}"
EndProject
Project("{FAE04EC0-301F-11D3-BF4B-00C04F79EFBC}") = "Unity.VisualScripting.Flow.Editor", "Unity.VisualScripting.Flow.Editor.csproj", "{12b4eb74-3be3-1c7a-5855-fa8ee7fdf4a5}"
EndProject
Project("{FAE04EC0-301F-11D3-BF4B-00C04F79EFBC}") = "Unity.VisualStudio.Editor", "Unity.VisualStudio.Editor.csproj", "{b4f357e5-43f3-2770-9ebe-6602bdfc03d2}"
EndProject
Project("{FAE04EC0-301F-11D3-BF4B-00C04F79EFBC}") = "Unity.Timeline.Editor", "Unity.Timeline.Editor.csproj", "{aaef9f35-deba-9d8e-3001-8941fd670f66}"
EndProject
Project("{FAE04EC0-301F-11D3-BF4B-00C04F79EFBC}") = "Unity.VisualScripting.State.Editor", "Unity.VisualScripting.State.Editor.csproj", "{7f15dd21-0322-ff21-2d87-bb65af22d510}"
EndProject
Project("{FAE04EC0-301F-11D3-BF4B-00C04F79EFBC}") = "Unity.Services.Core.Editor", "Unity.Services.Core.Editor.csproj", "{ab6069e8-57fb-cefc-ee38-b0b88700a09a}"
EndProject
Project("{FAE04EC0-301F-11D3-BF4B-00C04F79EFBC}") = "Unity.TextMeshPro.Editor", "Unity.TextMeshPro.Editor.csproj", "{719ec9a2-4557-d952-d1c3-e7881df2e588}"
EndProject
Project("{FAE04EC0-301F-11D3-BF4B-00C04F79EFBC}") = "Unity.2D.PixelPerfect.Editor", "Unity.2D.PixelPerfect.Editor.csproj", "{ef54d685-2c80-7a91-e9e4-b7dc57a110c2}"
EndProject
Project("{FAE04EC0-301F-11D3-BF4B-00C04F79EFBC}") = "Unity.2D.Animation.Editor", "Unity.2D.Animation.Editor.csproj", "{873f891b-8c51-b199-51d3-59aa2f6b8954}"
EndProject
Project("{FAE04EC0-301F-11D3-BF4B-00C04F79EFBC}") = "Unity.VisualScripting.SettingsProvider.Editor", "Unity.VisualScripting.SettingsProvider.Editor.csproj", "{671a668e-389f-61a5-12d7-69fc42a4ac89}"
EndProject
Project("{FAE04EC0-301F-11D3-BF4B-00C04F79EFBC}") = "Unity.2D.Psdimporter.Editor", "Unity.2D.Psdimporter.Editor.csproj", "{ae5ce12f-ce1f-76b5-2424-dc6a5bce97ef}"
EndProject
Project("{FAE04EC0-301F-11D3-BF4B-00C04F79EFBC}") = "UnityEditor.TestRunner", "UnityEditor.TestRunner.csproj", "{845e7f1b-7da3-a4a8-5dfc-38e21242716f}"
EndProject
Project("{FAE04EC0-301F-11D3-BF4B-00C04F79EFBC}") = "Unity.2D.Tilemap.Editor", "Unity.2D.Tilemap.Editor.csproj", "{dbb2282e-4e66-c5eb-8b1f-ba68497bbd48}"
EndProject
Project("{FAE04EC0-301F-11D3-BF4B-00C04F79EFBC}") = "UnityEngine.Advertisements.Editor", "UnityEngine.Advertisements.Editor.csproj", "{2326b565-eef2-37fb-a92b-dbd06cc498e7}"
EndProject
Project("{FAE04EC0-301F-11D3-BF4B-00C04F79EFBC}") = "Unity.Rider.Editor", "Unity.Rider.Editor.csproj", "{77a351e1-ba53-64b1-7808-9758bfe45749}"
EndProject
Project("{FAE04EC0-301F-11D3-BF4B-00C04F79EFBC}") = "Unity.2D.Path.Editor", "Unity.2D.Path.Editor.csproj", "{4d32ad3f-b2c4-421c-0017-7bb6ddee4b40}"
EndProject
Project("{FAE04EC0-301F-11D3-BF4B-00C04F79EFBC}") = "PsdPlugin", "PsdPlugin.csproj", "{54c4493a-d97e-3435-3ce7-a897850125f5}"
EndProject
Project("{FAE04EC0-301F-11D3-BF4B-00C04F79EFBC}") = "UnityEngine.Advertisements.DevX.Editor", "UnityEngine.Advertisements.DevX.Editor.csproj", "{a4725849-b597-e12a-dbb5-7b852f48aeb9}"
EndProject
Project("{FAE04EC0-301F-11D3-BF4B-00C04F79EFBC}") = "Unity.2D.IK.Editor", "Unity.2D.IK.Editor.csproj", "{2c412b4c-2eb1-a0fe-e0d9-c85a3bfb0e17}"
EndProject
Project("{FAE04EC0-301F-11D3-BF4B-00C04F79EFBC}") = "Unity.2D.SpriteShape.Editor", "Unity.2D.SpriteShape.Editor.csproj", "{40bc6b4b-2e5c-480a-09af-a11ea0a6f8f4}"
EndProject
Project("{FAE04EC0-301F-11D3-BF4B-00C04F79EFBC}") = "UnityEditor.Purchasing", "UnityEditor.Purchasing.csproj", "{63f06f1c-e40e-c167-544d-f007b0ad405e}"
EndProject
Project("{FAE04EC0-301F-11D3-BF4B-00C04F79EFBC}") = "Unity.Burst.CodeGen", "Unity.Burst.CodeGen.csproj", "{2d0f53f5-dece-f0e9-62c6-95f075878914}"
EndProject
Project("{FAE04EC0-301F-11D3-BF4B-00C04F79EFBC}") = "Unity.VSCode.Editor", "Unity.VSCode.Editor.csproj", "{b4eadb95-8315-5237-f7ad-f1a2dbed602e}"
EndProject
Project("{FAE04EC0-301F-11D3-BF4B-00C04F79EFBC}") = "Unity.2D.Sprite.Editor", "Unity.2D.Sprite.Editor.csproj", "{24009421-b451-9bc9-7474-8997f6194367}"
EndProject
Project("{FAE04EC0-301F-11D3-BF4B-00C04F79EFBC}") = "UnityEditor.UI", "UnityEditor.UI.csproj", "{30c8b733-a1ce-6688-71f4-fb5e1b72ecf9}"
EndProject
Project("{FAE04EC0-301F-11D3-BF4B-00C04F79EFBC}") = "Unity.2D.Common.Editor", "Unity.2D.Common.Editor.csproj", "{e263b900-5542-bf6f-4035-7ed8b9b5fc17}"
EndProject
Project("{FAE04EC0-301F-11D3-BF4B-00C04F79EFBC}") = "Assembly-CSharp-Editor", "Assembly-CSharp-Editor.csproj", "{23c995ed-7a0a-b46e-1401-a7e090b628a0}"
EndProject
Project("{FAE04EC0-301F-11D3-BF4B-00C04F79EFBC}") = "Unity.CollabProxy.Editor", "Unity.CollabProxy.Editor.csproj", "{5dd26e36-956d-0d3b-2889-61014a60e32c}"
EndProject
Project("{FAE04EC0-301F-11D3-BF4B-00C04F79EFBC}") = "Unity.Mathematics.Editor", "Unity.Mathematics.Editor.csproj", "{a681d9ca-a439-4627-e220-012fc54beb14}"
EndProject
Project("{FAE04EC0-301F-11D3-BF4B-00C04F79EFBC}") = "Unity.Services.Core.Configuration.Editor", "Unity.Services.Core.Configuration.Editor.csproj", "{0a8e0459-d053-6fc1-5234-4bbe326d8be6}"
EndProject
Project("{FAE04EC0-301F-11D3-BF4B-00C04F79EFBC}") = "Unity.2D.Tilemap.Extras.Editor", "Unity.2D.Tilemap.Extras.Editor.csproj", "{c39362ab-d731-a534-138a-41a5f0923204}"
EndProject
Project("{FAE04EC0-301F-11D3-BF4B-00C04F79EFBC}") = "Unity.Burst.Editor", "Unity.Burst.Editor.csproj", "{940affb8-5e12-c18c-4c45-7eff70974d8e}"
EndProject
Project("{FAE04EC0-301F-11D3-BF4B-00C04F79EFBC}") = "Unity.InternalAPIEditorBridge.001", "Unity.InternalAPIEditorBridge.001.csproj", "{a4f0e870-4c1e-93fc-33ed-e29a99a8af23}"
EndProject
Project("{FAE04EC0-301F-11D3-BF4B-00C04F79EFBC}") = "Unity.VisualScripting.Shared.Editor", "Unity.VisualScripting.Shared.Editor.csproj", "{24a4e687-89ed-0bde-ccaf-1fc8a3a1afd9}"
EndProject
Project("{FAE04EC0-301F-11D3-BF4B-00C04F79EFBC}") = "Unity.Services.Analytics.Editor", "Unity.Services.Analytics.Editor.csproj", "{cdbf0756-0e14-0c1a-7d65-22b0cd5f728d}"
EndProject
Global
	GlobalSection(SolutionConfigurationPlatforms) = preSolution
		Debug|Any CPU = Debug|Any CPU
	EndGlobalSection
	GlobalSection(ProjectConfigurationPlatforms) = postSolution
		{5b3da10c-f826-739e-fc09-e539696ddab7}.Debug|Any CPU.ActiveCfg = Debug|Any CPU
		{5b3da10c-f826-739e-fc09-e539696ddab7}.Debug|Any CPU.Build.0 = Debug|Any CPU
		{bde930ce-d901-4b6f-f7ed-679ceb000d42}.Debug|Any CPU.ActiveCfg = Debug|Any CPU
		{bde930ce-d901-4b6f-f7ed-679ceb000d42}.Debug|Any CPU.Build.0 = Debug|Any CPU
		{0e5175eb-2b85-2a61-525e-63ad56503228}.Debug|Any CPU.ActiveCfg = Debug|Any CPU
		{0e5175eb-2b85-2a61-525e-63ad56503228}.Debug|Any CPU.Build.0 = Debug|Any CPU
		{52301bb8-5970-8682-af1e-0ffb2dfa2075}.Debug|Any CPU.ActiveCfg = Debug|Any CPU
		{52301bb8-5970-8682-af1e-0ffb2dfa2075}.Debug|Any CPU.Build.0 = Debug|Any CPU
		{740fbf16-0dd0-7e2b-b8d5-b0a59b5eeb49}.Debug|Any CPU.ActiveCfg = Debug|Any CPU
		{740fbf16-0dd0-7e2b-b8d5-b0a59b5eeb49}.Debug|Any CPU.Build.0 = Debug|Any CPU
		{a9c9842b-476f-9fb6-70b0-4d51a07d037e}.Debug|Any CPU.ActiveCfg = Debug|Any CPU
		{a9c9842b-476f-9fb6-70b0-4d51a07d037e}.Debug|Any CPU.Build.0 = Debug|Any CPU
		{495e73a2-9cfa-7a17-82ac-436077db36bf}.Debug|Any CPU.ActiveCfg = Debug|Any CPU
		{495e73a2-9cfa-7a17-82ac-436077db36bf}.Debug|Any CPU.Build.0 = Debug|Any CPU
		{49c00f25-7dbd-b5be-236c-e910b420ea16}.Debug|Any CPU.ActiveCfg = Debug|Any CPU
		{49c00f25-7dbd-b5be-236c-e910b420ea16}.Debug|Any CPU.Build.0 = Debug|Any CPU
		{6e9d8c61-26be-4f45-c7a2-2bd4d5df5a6b}.Debug|Any CPU.ActiveCfg = Debug|Any CPU
		{6e9d8c61-26be-4f45-c7a2-2bd4d5df5a6b}.Debug|Any CPU.Build.0 = Debug|Any CPU
		{f10f87cd-6595-b91d-ebff-a8a415e4f22b}.Debug|Any CPU.ActiveCfg = Debug|Any CPU
		{f10f87cd-6595-b91d-ebff-a8a415e4f22b}.Debug|Any CPU.Build.0 = Debug|Any CPU
		{01f7f6e7-25b5-5328-1e2c-917ab78ea97c}.Debug|Any CPU.ActiveCfg = Debug|Any CPU
		{01f7f6e7-25b5-5328-1e2c-917ab78ea97c}.Debug|Any CPU.Build.0 = Debug|Any CPU
		{cea246f3-06ab-cb70-1fbb-ac12340ab7d1}.Debug|Any CPU.ActiveCfg = Debug|Any CPU
		{cea246f3-06ab-cb70-1fbb-ac12340ab7d1}.Debug|Any CPU.Build.0 = Debug|Any CPU
		{ac0c5bab-2738-1624-6449-9c53a55901ad}.Debug|Any CPU.ActiveCfg = Debug|Any CPU
		{ac0c5bab-2738-1624-6449-9c53a55901ad}.Debug|Any CPU.Build.0 = Debug|Any CPU
		{953a6d21-48c8-bf6f-e076-548687a967d4}.Debug|Any CPU.ActiveCfg = Debug|Any CPU
		{953a6d21-48c8-bf6f-e076-548687a967d4}.Debug|Any CPU.Build.0 = Debug|Any CPU
		{f1aca9e7-46e8-f9c7-3325-b50314fa4454}.Debug|Any CPU.ActiveCfg = Debug|Any CPU
		{f1aca9e7-46e8-f9c7-3325-b50314fa4454}.Debug|Any CPU.Build.0 = Debug|Any CPU
		{a1a2102f-7f1f-71ce-9561-8fb6eb333c22}.Debug|Any CPU.ActiveCfg = Debug|Any CPU
		{a1a2102f-7f1f-71ce-9561-8fb6eb333c22}.Debug|Any CPU.Build.0 = Debug|Any CPU
		{9e11e129-a70e-6abe-9d0c-b122a69512b8}.Debug|Any CPU.ActiveCfg = Debug|Any CPU
		{9e11e129-a70e-6abe-9d0c-b122a69512b8}.Debug|Any CPU.Build.0 = Debug|Any CPU
		{57eaf957-4852-0937-2f13-aa61ddd99b2b}.Debug|Any CPU.ActiveCfg = Debug|Any CPU
		{57eaf957-4852-0937-2f13-aa61ddd99b2b}.Debug|Any CPU.Build.0 = Debug|Any CPU
		{516c7760-d3d4-7f86-8b2c-010daea451e9}.Debug|Any CPU.ActiveCfg = Debug|Any CPU
		{516c7760-d3d4-7f86-8b2c-010daea451e9}.Debug|Any CPU.Build.0 = Debug|Any CPU
		{6890b42e-b598-9ae9-eac4-3b2758c9cf7d}.Debug|Any CPU.ActiveCfg = Debug|Any CPU
		{6890b42e-b598-9ae9-eac4-3b2758c9cf7d}.Debug|Any CPU.Build.0 = Debug|Any CPU
		{7fe3b2c3-e211-24bf-71d5-afee1f26785f}.Debug|Any CPU.ActiveCfg = Debug|Any CPU
		{7fe3b2c3-e211-24bf-71d5-afee1f26785f}.Debug|Any CPU.Build.0 = Debug|Any CPU
		{4b652402-5d7f-7e95-d334-04fdb6113d80}.Debug|Any CPU.ActiveCfg = Debug|Any CPU
		{4b652402-5d7f-7e95-d334-04fdb6113d80}.Debug|Any CPU.Build.0 = Debug|Any CPU
		{b3f8cd9f-07a6-f2e1-8bb3-f0c3bb04cc8e}.Debug|Any CPU.ActiveCfg = Debug|Any CPU
		{b3f8cd9f-07a6-f2e1-8bb3-f0c3bb04cc8e}.Debug|Any CPU.Build.0 = Debug|Any CPU
		{799f821e-f555-7cee-307b-c9754b900180}.Debug|Any CPU.ActiveCfg = Debug|Any CPU
		{799f821e-f555-7cee-307b-c9754b900180}.Debug|Any CPU.Build.0 = Debug|Any CPU
		{bbd15ded-d345-b06e-d811-0022279e422d}.Debug|Any CPU.ActiveCfg = Debug|Any CPU
		{bbd15ded-d345-b06e-d811-0022279e422d}.Debug|Any CPU.Build.0 = Debug|Any CPU
		{ed5c10a8-5450-dfd5-bdbe-51387d3d4a90}.Debug|Any CPU.ActiveCfg = Debug|Any CPU
		{ed5c10a8-5450-dfd5-bdbe-51387d3d4a90}.Debug|Any CPU.Build.0 = Debug|Any CPU
		{7978f8af-71c1-52b4-467f-ae75c1e084c2}.Debug|Any CPU.ActiveCfg = Debug|Any CPU
		{7978f8af-71c1-52b4-467f-ae75c1e084c2}.Debug|Any CPU.Build.0 = Debug|Any CPU
		{db7dbf8c-d51c-4675-edff-a111c68050ef}.Debug|Any CPU.ActiveCfg = Debug|Any CPU
		{db7dbf8c-d51c-4675-edff-a111c68050ef}.Debug|Any CPU.Build.0 = Debug|Any CPU
		{4905ae84-2e50-b23a-023f-6a792bc6afa0}.Debug|Any CPU.ActiveCfg = Debug|Any CPU
		{4905ae84-2e50-b23a-023f-6a792bc6afa0}.Debug|Any CPU.Build.0 = Debug|Any CPU
		{07ceb7af-9893-29c6-28e7-150cc0799076}.Debug|Any CPU.ActiveCfg = Debug|Any CPU
		{07ceb7af-9893-29c6-28e7-150cc0799076}.Debug|Any CPU.Build.0 = Debug|Any CPU
		{111b796e-0d8a-bec7-48c3-3f24ca06d25d}.Debug|Any CPU.ActiveCfg = Debug|Any CPU
		{111b796e-0d8a-bec7-48c3-3f24ca06d25d}.Debug|Any CPU.Build.0 = Debug|Any CPU
		{75d7c87e-2942-610a-a201-6f432a78c914}.Debug|Any CPU.ActiveCfg = Debug|Any CPU
		{75d7c87e-2942-610a-a201-6f432a78c914}.Debug|Any CPU.Build.0 = Debug|Any CPU
		{dc9ba1fe-95b4-d4c3-548a-3311bcf59757}.Debug|Any CPU.ActiveCfg = Debug|Any CPU
		{dc9ba1fe-95b4-d4c3-548a-3311bcf59757}.Debug|Any CPU.Build.0 = Debug|Any CPU
		{d9938132-b024-df19-a1fd-15ce624f9c28}.Debug|Any CPU.ActiveCfg = Debug|Any CPU
		{d9938132-b024-df19-a1fd-15ce624f9c28}.Debug|Any CPU.Build.0 = Debug|Any CPU
		{8b1ee0cf-35bf-9e80-f0c6-51d3f5900c8e}.Debug|Any CPU.ActiveCfg = Debug|Any CPU
		{8b1ee0cf-35bf-9e80-f0c6-51d3f5900c8e}.Debug|Any CPU.Build.0 = Debug|Any CPU
		{a64659bd-4c5e-2b82-a9b6-6d05196e503b}.Debug|Any CPU.ActiveCfg = Debug|Any CPU
		{a64659bd-4c5e-2b82-a9b6-6d05196e503b}.Debug|Any CPU.Build.0 = Debug|Any CPU
		{3a9ccc83-6cab-1fd6-771a-a91478d580e1}.Debug|Any CPU.ActiveCfg = Debug|Any CPU
		{3a9ccc83-6cab-1fd6-771a-a91478d580e1}.Debug|Any CPU.Build.0 = Debug|Any CPU
		{b0025f20-ad8d-746c-0ad2-c31cf3beba54}.Debug|Any CPU.ActiveCfg = Debug|Any CPU
		{b0025f20-ad8d-746c-0ad2-c31cf3beba54}.Debug|Any CPU.Build.0 = Debug|Any CPU
		{18ac9be3-46c0-346b-fc34-60ebeae0a194}.Debug|Any CPU.ActiveCfg = Debug|Any CPU
		{18ac9be3-46c0-346b-fc34-60ebeae0a194}.Debug|Any CPU.Build.0 = Debug|Any CPU
		{a7451e53-f410-362f-cad7-40b297674b07}.Debug|Any CPU.ActiveCfg = Debug|Any CPU
		{a7451e53-f410-362f-cad7-40b297674b07}.Debug|Any CPU.Build.0 = Debug|Any CPU
		{fcb234d9-81b6-c9ce-3f78-1d06b516f331}.Debug|Any CPU.ActiveCfg = Debug|Any CPU
		{fcb234d9-81b6-c9ce-3f78-1d06b516f331}.Debug|Any CPU.Build.0 = Debug|Any CPU
		{7458a00b-ae7a-fe20-94b6-4b2f3d788fd8}.Debug|Any CPU.ActiveCfg = Debug|Any CPU
		{7458a00b-ae7a-fe20-94b6-4b2f3d788fd8}.Debug|Any CPU.Build.0 = Debug|Any CPU
		{9ca27669-f152-cdad-073a-bf104b44aa47}.Debug|Any CPU.ActiveCfg = Debug|Any CPU
		{9ca27669-f152-cdad-073a-bf104b44aa47}.Debug|Any CPU.Build.0 = Debug|Any CPU
		{ae58f494-850f-9aee-31e6-b8b20ebc3b2f}.Debug|Any CPU.ActiveCfg = Debug|Any CPU
		{ae58f494-850f-9aee-31e6-b8b20ebc3b2f}.Debug|Any CPU.Build.0 = Debug|Any CPU
		{12b4eb74-3be3-1c7a-5855-fa8ee7fdf4a5}.Debug|Any CPU.ActiveCfg = Debug|Any CPU
		{12b4eb74-3be3-1c7a-5855-fa8ee7fdf4a5}.Debug|Any CPU.Build.0 = Debug|Any CPU
		{b4f357e5-43f3-2770-9ebe-6602bdfc03d2}.Debug|Any CPU.ActiveCfg = Debug|Any CPU
		{b4f357e5-43f3-2770-9ebe-6602bdfc03d2}.Debug|Any CPU.Build.0 = Debug|Any CPU
		{aaef9f35-deba-9d8e-3001-8941fd670f66}.Debug|Any CPU.ActiveCfg = Debug|Any CPU
		{aaef9f35-deba-9d8e-3001-8941fd670f66}.Debug|Any CPU.Build.0 = Debug|Any CPU
		{7f15dd21-0322-ff21-2d87-bb65af22d510}.Debug|Any CPU.ActiveCfg = Debug|Any CPU
		{7f15dd21-0322-ff21-2d87-bb65af22d510}.Debug|Any CPU.Build.0 = Debug|Any CPU
		{ab6069e8-57fb-cefc-ee38-b0b88700a09a}.Debug|Any CPU.ActiveCfg = Debug|Any CPU
		{ab6069e8-57fb-cefc-ee38-b0b88700a09a}.Debug|Any CPU.Build.0 = Debug|Any CPU
		{719ec9a2-4557-d952-d1c3-e7881df2e588}.Debug|Any CPU.ActiveCfg = Debug|Any CPU
		{719ec9a2-4557-d952-d1c3-e7881df2e588}.Debug|Any CPU.Build.0 = Debug|Any CPU
		{ef54d685-2c80-7a91-e9e4-b7dc57a110c2}.Debug|Any CPU.ActiveCfg = Debug|Any CPU
		{ef54d685-2c80-7a91-e9e4-b7dc57a110c2}.Debug|Any CPU.Build.0 = Debug|Any CPU
		{873f891b-8c51-b199-51d3-59aa2f6b8954}.Debug|Any CPU.ActiveCfg = Debug|Any CPU
		{873f891b-8c51-b199-51d3-59aa2f6b8954}.Debug|Any CPU.Build.0 = Debug|Any CPU
		{671a668e-389f-61a5-12d7-69fc42a4ac89}.Debug|Any CPU.ActiveCfg = Debug|Any CPU
		{671a668e-389f-61a5-12d7-69fc42a4ac89}.Debug|Any CPU.Build.0 = Debug|Any CPU
		{ae5ce12f-ce1f-76b5-2424-dc6a5bce97ef}.Debug|Any CPU.ActiveCfg = Debug|Any CPU
		{ae5ce12f-ce1f-76b5-2424-dc6a5bce97ef}.Debug|Any CPU.Build.0 = Debug|Any CPU
		{845e7f1b-7da3-a4a8-5dfc-38e21242716f}.Debug|Any CPU.ActiveCfg = Debug|Any CPU
		{845e7f1b-7da3-a4a8-5dfc-38e21242716f}.Debug|Any CPU.Build.0 = Debug|Any CPU
		{dbb2282e-4e66-c5eb-8b1f-ba68497bbd48}.Debug|Any CPU.ActiveCfg = Debug|Any CPU
		{dbb2282e-4e66-c5eb-8b1f-ba68497bbd48}.Debug|Any CPU.Build.0 = Debug|Any CPU
		{2326b565-eef2-37fb-a92b-dbd06cc498e7}.Debug|Any CPU.ActiveCfg = Debug|Any CPU
		{2326b565-eef2-37fb-a92b-dbd06cc498e7}.Debug|Any CPU.Build.0 = Debug|Any CPU
		{77a351e1-ba53-64b1-7808-9758bfe45749}.Debug|Any CPU.ActiveCfg = Debug|Any CPU
		{77a351e1-ba53-64b1-7808-9758bfe45749}.Debug|Any CPU.Build.0 = Debug|Any CPU
		{4d32ad3f-b2c4-421c-0017-7bb6ddee4b40}.Debug|Any CPU.ActiveCfg = Debug|Any CPU
		{4d32ad3f-b2c4-421c-0017-7bb6ddee4b40}.Debug|Any CPU.Build.0 = Debug|Any CPU
		{54c4493a-d97e-3435-3ce7-a897850125f5}.Debug|Any CPU.ActiveCfg = Debug|Any CPU
		{54c4493a-d97e-3435-3ce7-a897850125f5}.Debug|Any CPU.Build.0 = Debug|Any CPU
		{a4725849-b597-e12a-dbb5-7b852f48aeb9}.Debug|Any CPU.ActiveCfg = Debug|Any CPU
		{a4725849-b597-e12a-dbb5-7b852f48aeb9}.Debug|Any CPU.Build.0 = Debug|Any CPU
		{2c412b4c-2eb1-a0fe-e0d9-c85a3bfb0e17}.Debug|Any CPU.ActiveCfg = Debug|Any CPU
		{2c412b4c-2eb1-a0fe-e0d9-c85a3bfb0e17}.Debug|Any CPU.Build.0 = Debug|Any CPU
		{40bc6b4b-2e5c-480a-09af-a11ea0a6f8f4}.Debug|Any CPU.ActiveCfg = Debug|Any CPU
		{40bc6b4b-2e5c-480a-09af-a11ea0a6f8f4}.Debug|Any CPU.Build.0 = Debug|Any CPU
		{63f06f1c-e40e-c167-544d-f007b0ad405e}.Debug|Any CPU.ActiveCfg = Debug|Any CPU
		{63f06f1c-e40e-c167-544d-f007b0ad405e}.Debug|Any CPU.Build.0 = Debug|Any CPU
		{2d0f53f5-dece-f0e9-62c6-95f075878914}.Debug|Any CPU.ActiveCfg = Debug|Any CPU
		{2d0f53f5-dece-f0e9-62c6-95f075878914}.Debug|Any CPU.Build.0 = Debug|Any CPU
		{b4eadb95-8315-5237-f7ad-f1a2dbed602e}.Debug|Any CPU.ActiveCfg = Debug|Any CPU
		{b4eadb95-8315-5237-f7ad-f1a2dbed602e}.Debug|Any CPU.Build.0 = Debug|Any CPU
		{24009421-b451-9bc9-7474-8997f6194367}.Debug|Any CPU.ActiveCfg = Debug|Any CPU
		{24009421-b451-9bc9-7474-8997f6194367}.Debug|Any CPU.Build.0 = Debug|Any CPU
		{30c8b733-a1ce-6688-71f4-fb5e1b72ecf9}.Debug|Any CPU.ActiveCfg = Debug|Any CPU
		{30c8b733-a1ce-6688-71f4-fb5e1b72ecf9}.Debug|Any CPU.Build.0 = Debug|Any CPU
		{e263b900-5542-bf6f-4035-7ed8b9b5fc17}.Debug|Any CPU.ActiveCfg = Debug|Any CPU
		{e263b900-5542-bf6f-4035-7ed8b9b5fc17}.Debug|Any CPU.Build.0 = Debug|Any CPU
		{23c995ed-7a0a-b46e-1401-a7e090b628a0}.Debug|Any CPU.ActiveCfg = Debug|Any CPU
		{23c995ed-7a0a-b46e-1401-a7e090b628a0}.Debug|Any CPU.Build.0 = Debug|Any CPU
		{5dd26e36-956d-0d3b-2889-61014a60e32c}.Debug|Any CPU.ActiveCfg = Debug|Any CPU
		{5dd26e36-956d-0d3b-2889-61014a60e32c}.Debug|Any CPU.Build.0 = Debug|Any CPU
		{a681d9ca-a439-4627-e220-012fc54beb14}.Debug|Any CPU.ActiveCfg = Debug|Any CPU
		{a681d9ca-a439-4627-e220-012fc54beb14}.Debug|Any CPU.Build.0 = Debug|Any CPU
		{0a8e0459-d053-6fc1-5234-4bbe326d8be6}.Debug|Any CPU.ActiveCfg = Debug|Any CPU
		{0a8e0459-d053-6fc1-5234-4bbe326d8be6}.Debug|Any CPU.Build.0 = Debug|Any CPU
		{c39362ab-d731-a534-138a-41a5f0923204}.Debug|Any CPU.ActiveCfg = Debug|Any CPU
		{c39362ab-d731-a534-138a-41a5f0923204}.Debug|Any CPU.Build.0 = Debug|Any CPU
		{940affb8-5e12-c18c-4c45-7eff70974d8e}.Debug|Any CPU.ActiveCfg = Debug|Any CPU
		{940affb8-5e12-c18c-4c45-7eff70974d8e}.Debug|Any CPU.Build.0 = Debug|Any CPU
		{a4f0e870-4c1e-93fc-33ed-e29a99a8af23}.Debug|Any CPU.ActiveCfg = Debug|Any CPU
		{a4f0e870-4c1e-93fc-33ed-e29a99a8af23}.Debug|Any CPU.Build.0 = Debug|Any CPU
		{24a4e687-89ed-0bde-ccaf-1fc8a3a1afd9}.Debug|Any CPU.ActiveCfg = Debug|Any CPU
		{24a4e687-89ed-0bde-ccaf-1fc8a3a1afd9}.Debug|Any CPU.Build.0 = Debug|Any CPU
		{cdbf0756-0e14-0c1a-7d65-22b0cd5f728d}.Debug|Any CPU.ActiveCfg = Debug|Any CPU
		{cdbf0756-0e14-0c1a-7d65-22b0cd5f728d}.Debug|Any CPU.Build.0 = Debug|Any CPU
	EndGlobalSection
	GlobalSection(SolutionProperties) = preSolution
		HideSolutionNode = FALSE
	EndGlobalSection
EndGlobal
